
Microsoft Visual Studio Solution File, Format Version 12.00
# Visual Studio Version 16
VisualStudioVersion = 25.0.1704.3
MinimumVisualStudioVersion = 10.0.40219.1
Project("{FAE04EC0-301F-11D3-BF4B-00C04F79EFBC}") = "Assignment2", "Assignment2\Assignment2.csproj", "{0FDBE1F9-96A6-49C7-9288-62B2595C7FB9}"
EndProject
Global
	GlobalSection(SolutionConfigurationPlatforms) = preSolution
		Debug|Any CPU = Debug|Any CPU
		Release|Any CPU = Release|Any CPU
	EndGlobalSection
	GlobalSection(ProjectConfigurationPlatforms) = postSolution
		{0FDBE1F9-96A6-49C7-9288-62B2595C7FB9}.Debug|Any CPU.ActiveCfg = Debug|Any CPU
		{0FDBE1F9-96A6-49C7-9288-62B2595C7FB9}.Debug|Any CPU.Build.0 = Debug|Any CPU
		{0FDBE1F9-96A6-49C7-9288-62B2595C7FB9}.Release|Any CPU.ActiveCfg = Release|Any CPU
		{0FDBE1F9-96A6-49C7-9288-62B2595C7FB9}.Release|Any CPU.Build.0 = Release|Any CPU
	EndGlobalSection
	GlobalSection(SolutionProperties) = preSolution
		HideSolutionNode = FALSE
	EndGlobalSection
	GlobalSection(ExtensibilityGlobals) = postSolution
		SolutionGuid = {44BA8879-45F6-42C7-BC87-9C96833BFDF4}
	EndGlobalSection
EndGlobal
